{
  "name": "assets",
  "lockfileVersion": 2,
  "requires": true,
  "packages": {
    "": {
      "dependencies": {
        "chart.js": "^3.0.0-beta.4",
        "date-fns": "^2.19.0"
      }
    },
    "../deps/phoenix": {
      "version": "1.6.10",
      "extraneous": true,
      "license": "MIT"
    },
    "../deps/phoenix_html": {
      "version": "3.2.0",
      "extraneous": true
    },
    "../deps/phoenix_live_view": {
      "version": "0.17.10",
      "extraneous": true,
      "license": "MIT"
    },
    "node_modules/chart.js": {
      "version": "3.0.0-beta.4",
      "resolved": "https://registry.npmjs.org/chart.js/-/chart.js-3.0.0-beta.4.tgz",
      "integrity": "sha512-aW5s5gFIZyIiTEZANC+DZKLLcVi5Sp3fo7EKKJau89mzPBOVjg3Rv9VOKmLOWx5zMFuDyBBAMylNrr3MSiO2Wg=="
    },
    "node_modules/date-fns": {
      "version": "2.19.0",
      "resolved": "https://registry.npmjs.org/date-fns/-/date-fns-2.19.0.tgz",
      "integrity": "sha512-X3bf2iTPgCAQp9wvjOQytnf5vO5rESYRXlPIVcgSbtT5OTScPcsf9eZU+B/YIkKAtYr5WeCii58BgATrNitlWg==",
      "engines": {
        "node": ">=0.11"
      },
      "funding": {
        "type": "opencollective",
        "url": "https://opencollective.com/date-fns"
      }
    }
  },
  "dependencies": {
    "chart.js": {
      "version": "3.0.0-beta.4",
      "resolved": "https://registry.npmjs.org/chart.js/-/chart.js-3.0.0-beta.4.tgz",
      "integrity": "sha512-aW5s5gFIZyIiTEZANC+DZKLLcVi5Sp3fo7EKKJau89mzPBOVjg3Rv9VOKmLOWx5zMFuDyBBAMylNrr3MSiO2Wg=="
    },
    "date-fns": {
      "version": "2.19.0",
      "resolved": "https://registry.npmjs.org/date-fns/-/date-fns-2.19.0.tgz",
      "integrity": "sha512-X3bf2iTPgCAQp9wvjOQytnf5vO5rESYRXlPIVcgSbtT5OTScPcsf9eZU+B/YIkKAtYr5WeCii58BgATrNitlWg=="
    }
  }
}
